
Microsoft Visual Studio Solution File, Format Version 12.00
# Visual Studio Version 17
VisualStudioVersion = 17.6.33815.320
MinimumVisualStudioVersion = 10.0.40219.1
Project("{FAE04EC0-301F-11D3-BF4B-00C04F79EFBC}") = "ElevatorControlSystem", "ElevatorControlSystem\ElevatorControlSystem.csproj", "{0A6511F0-F654-4A4F-B6A7-6D57A65DBEDD}"
EndProject
Global
	GlobalSection(SolutionConfigurationPlatforms) = preSolution
		Debug|Any CPU = Debug|Any CPU
		Release|Any CPU = Release|Any CPU
	EndGlobalSection
	GlobalSection(ProjectConfigurationPlatforms) = postSolution
		{0A6511F0-F654-4A4F-B6A7-6D57A65DBEDD}.Debug|Any CPU.ActiveCfg = Debug|Any CPU
		{0A6511F0-F654-4A4F-B6A7-6D57A65DBEDD}.Debug|Any CPU.Build.0 = Debug|Any CPU
		{0A6511F0-F654-4A4F-B6A7-6D57A65DBEDD}.Release|Any CPU.ActiveCfg = Release|Any CPU
		{0A6511F0-F654-4A4F-B6A7-6D57A65DBEDD}.Release|Any CPU.Build.0 = Release|Any CPU
	EndGlobalSection
	GlobalSection(SolutionProperties) = preSolution
		HideSolutionNode = FALSE
	EndGlobalSection
	GlobalSection(ExtensibilityGlobals) = postSolution
		SolutionGuid = {7A74DEDB-9A60-4D08-8763-CE00700CFF8E}
	EndGlobalSection
EndGlobal
